
Microsoft Visual Studio Solution File, Format Version 12.00
# Visual Studio Version 17
VisualStudioVersion = 17.10.35122.118
MinimumVisualStudioVersion = 10.0.40219.1
Project("{FAE04EC0-301F-11D3-BF4B-00C04F79EFBC}") = "Anonymous Func", "Anonymous Func.csproj", "{F3A91E7D-61D9-456B-95A9-838412A3489B}"
EndProject
Global
	GlobalSection(SolutionConfigurationPlatforms) = preSolution
		Debug|Any CPU = Debug|Any CPU
		Release|Any CPU = Release|Any CPU
	EndGlobalSection
	GlobalSection(ProjectConfigurationPlatforms) = postSolution
		{F3A91E7D-61D9-456B-95A9-838412A3489B}.Debug|Any CPU.ActiveCfg = Debug|Any CPU
		{F3A91E7D-61D9-456B-95A9-838412A3489B}.Debug|Any CPU.Build.0 = Debug|Any CPU
		{F3A91E7D-61D9-456B-95A9-838412A3489B}.Release|Any CPU.ActiveCfg = Release|Any CPU
		{F3A91E7D-61D9-456B-95A9-838412A3489B}.Release|Any CPU.Build.0 = Release|Any CPU
	EndGlobalSection
	GlobalSection(SolutionProperties) = preSolution
		HideSolutionNode = FALSE
	EndGlobalSection
	GlobalSection(ExtensibilityGlobals) = postSolution
		SolutionGuid = {421BF2C8-A5F5-4C43-A1C8-F3E809C277AC}
	EndGlobalSection
EndGlobal
